{
    "_meta": {
        "hash": {
            "sha256": "2e8361b771ffa2e395afd446abc601a305843066c6e7fd1ce960dadee678ce3d"
        },
        "pipfile-spec": 6,
        "requires": {
            "python_version": "3.10"
        },
        "sources": [
            {
                "name": "pypi",
                "url": "https://pypi.org/simple",
                "verify_ssl": true
            }
        ]
    },
    "default": {
        "anyio": {
            "hashes": [
                "sha256:44a3c9aba0f5defa43261a8b3efb97891f2bd7d804e0e1f56419befa1adfc780",
                "sha256:91dee416e570e92c64041bd18b900d1d6fa78dff7048769ce5ac5ddad004fbb5"
            ],
            "index": "pypi",
            "markers": "python_version >= '3.7'",
            "version": "==3.7.1"
        },
        "asgiref": {
            "hashes": [
                "sha256:3e1e3ecc849832fe52ccf2cb6686b7a55f82bb1d6aee72a58826471390335e47",
                "sha256:c343bd80a0bec947a9860adb4c432ffa7db769836c64238fc34bdc3fec84d590"
            ],
            "index": "pypi",
            "markers": "python_version >= '3.8'",
            "version": "==3.8.1"
        },
        "asyncpg": {
            "hashes": [
                "sha256:0a61fb196ce4dae2f2fa26eb20a778db21bbee484d2e798cb3cc988de13bdd1b",
                "sha256:18d49e2d93a7139a2fdbd113e320cc47075049997268a61bfbe0dde680c55471",
                "sha256:191fe6341385b7fdea7dbdcf47fd6db3fd198827dcc1f2b228476d13c05a03c6",
                "sha256:1a70783f6ffa34cc7dd2de20a873181414a34fd35a4a208a1f1a7f9f695e4ec4",
                "sha256:2633331cbc8429030b4f20f712f8d0fbba57fa8555ee9b2f45f981b81328b256",
                "sha256:2bc197fc4aca2fd24f60241057998124012469d2e414aed3f992579db0c88e3a",
                "sha256:4327f691b1bdb222df27841938b3e04c14068166b3a97491bec2cb982f49f03e",
                "sha256:43cde84e996a3afe75f325a68300093425c2f47d340c0fc8912765cf24a1c095",
                "sha256:52fab7f1b2c29e187dd8781fce896249500cf055b63471ad66332e537e9b5f7e",
                "sha256:56d88d7ef4341412cd9c68efba323a4519c916979ba91b95d4c08799d2ff0c09",
                "sha256:5e4105f57ad1e8fbc8b1e535d8fcefa6ce6c71081228f08680c6dea24384ff0e",
                "sha256:63f8e6a69733b285497c2855464a34de657f2cccd25aeaeeb5071872e9382540",
                "sha256:649e2966d98cc48d0646d9a4e29abecd8b59d38d55c256d5c857f6b27b7407ac",
                "sha256:6f8f5fc975246eda83da8031a14004b9197f510c41511018e7b1bedde6968e92",
                "sha256:72a1e12ea0cf7c1e02794b697e3ca967b2360eaa2ce5d4bfdd8604ec2d6b774b",
                "sha256:739bbd7f89a2b2f6bc44cb8bf967dab12c5bc714fcbe96e68d512be45ecdf962",
                "sha256:863d36eba4a7caa853fd7d83fad5fd5306f050cc2fe6e54fbe10cdb30420e5e9",
                "sha256:a738f1b2876f30d710d3dc1e7858160a0afe1603ba16bf5f391f5316eb0ed855",
                "sha256:a84d30e6f850bac0876990bcd207362778e2208df0bee8be8da9f1558255e634",
                "sha256:acb311722352152936e58a8ee3c5b8e791b24e84cd7d777c414ff05b3530ca68",
                "sha256:beaecc52ad39614f6ca2e48c3ca15d56e24a2c15cbfdcb764a4320cc45f02fd5",
                "sha256:bf5e3408a14a17d480f36ebaf0401a12ff6ae5457fdf45e4e2775c51cc9517d3",
                "sha256:bf6dc9b55b9113f39eaa2057337ce3f9ef7de99a053b8a16360395ce588925cd",
                "sha256:ddb4c3263a8d63dcde3d2c4ac1c25206bfeb31fa83bd70fd539e10f87739dee4",
                "sha256:f55918ded7b85723a5eaeb34e86e7b9280d4474be67df853ab5a7fa0cc7c6bf2",
                "sha256:fe471ccd915b739ca65e2e4dbd92a11b44a5b37f2e38f70827a1c147dafe0fa8"
            ],
            "index": "pypi",
            "markers": "python_full_version >= '3.6.0'",
            "version": "==0.25.0"
        },
        "bcrypt": {
            "hashes": [
                "sha256:0042b2e342e9ae3d2ed22727c1262f76cc4f345683b5c1715f0250cf4277294f",
                "sha256:0142b2cb84a009f8452c8c5a33ace5e3dfec4159e7735f5afe9a4d50a8ea722d",
                "sha256:08bacc884fd302b611226c01014eca277d48f0a05187666bca23aac0dad6fe24",
                "sha256:0d3efb1157edebfd9128e4e46e2ac1a64e0c1fe46fb023158a407c7892b0f8c3",
                "sha256:0e30e5e67aed0187a1764911af023043b4542e70a7461ad20e837e94d23e1d6c",
                "sha256:107d53b5c67e0bbc3f03ebf5b030e0403d24dda980f8e244795335ba7b4a027d",
                "sha256:12fa6ce40cde3f0b899729dbd7d5e8811cb892d31b6f7d0334a1f37748b789fd",
                "sha256:17a854d9a7a476a89dcef6c8bd119ad23e0f82557afbd2c442777a16408e614f",
                "sha256:191354ebfe305e84f344c5964c7cd5f924a3bfc5d405c75ad07f232b6dffb49f",
                "sha256:2ef6630e0ec01376f59a006dc72918b1bf436c3b571b80fa1968d775fa02fe7d",
                "sha256:3004df1b323d10021fda07a813fd33e0fd57bef0e9a480bb143877f6cba996fe",
                "sha256:335a420cfd63fc5bc27308e929bee231c15c85cc4c496610ffb17923abf7f231",
                "sha256:33752b1ba962ee793fa2b6321404bf20011fe45b9afd2a842139de3011898fef",
                "sha256:3a3fd2204178b6d2adcf09cb4f6426ffef54762577a7c9b54c159008cb288c18",
                "sha256:3b8d62290ebefd49ee0b3ce7500f5dbdcf13b81402c05f6dafab9a1e1b27212f",
                "sha256:3e36506d001e93bffe59754397572f21bb5dc7c83f54454c990c74a468cd589e",
                "sha256:41261d64150858eeb5ff43c753c4b216991e0ae16614a308a15d909503617732",
                "sha256:50e6e80a4bfd23a25f5c05b90167c19030cf9f87930f7cb2eacb99f45d1c3304",
                "sha256:531457e5c839d8caea9b589a1bcfe3756b0547d7814e9ce3d437f17da75c32b0",
                "sha256:55a935b8e9a1d2def0626c4269db3fcd26728cbff1e84f0341465c31c4ee56d8",
                "sha256:57967b7a28d855313a963aaea51bf6df89f833db4320da458e5b3c5ab6d4c938",
                "sha256:584027857bc2843772114717a7490a37f68da563b3620f78a849bcb54dc11e62",
                "sha256:59e1aa0e2cd871b08ca146ed08445038f42ff75968c7ae50d2fdd7860ade2180",
                "sha256:5bd3cca1f2aa5dbcf39e2aa13dd094ea181f48959e1071265de49cc2b82525af",
                "sha256:5c1949bf259a388863ced887c7861da1df681cb2388645766c89fdfd9004c669",
                "sha256:62f26585e8b219cdc909b6a0069efc5e4267e25d4a3770a364ac58024f62a761",
                "sha256:67a561c4d9fb9465ec866177e7aebcad08fe23aaf6fbd692a6fab69088abfc51",
                "sha256:6fb1fd3ab08c0cbc6826a2e0447610c6f09e983a281b919ed721ad32236b8b23",
                "sha256:74a8d21a09f5e025a9a23e7c0fd2c7fe8e7503e4d356c0a2c1486ba010619f09",
                "sha256:79e70b8342a33b52b55d93b3a59223a844962bef479f6a0ea318ebbcadf71505",
                "sha256:7a4be4cbf241afee43f1c3969b9103a41b40bcb3a3f467ab19f891d9bc4642e4",
                "sha256:7c03296b85cb87db865d91da79bf63d5609284fc0cab9472fdd8367bbd830753",
                "sha256:842d08d75d9fe9fb94b18b071090220697f9f184d4547179b60734846461ed59",
                "sha256:864f8f19adbe13b7de11ba15d85d4a428c7e2f344bac110f667676a0ff84924b",
                "sha256:97eea7408db3a5bcce4a55d13245ab3fa566e23b4c67cd227062bb49e26c585d",
                "sha256:a839320bf27d474e52ef8cb16449bb2ce0ba03ca9f44daba6d93fa1d8828e48a",
                "sha256:afe327968aaf13fc143a56a3360cb27d4ad0345e34da12c7290f1b00b8fe9a8b",
                "sha256:b4d4e57f0a63fd0b358eb765063ff661328f69a04494427265950c71b992a39a",
                "sha256:b6354d3760fcd31994a14c89659dee887f1351a06e5dac3c1142307172a79f90",
                "sha256:b693dbb82b3c27a1604a3dff5bfc5418a7e6a781bb795288141e5f80cf3a3492",
                "sha256:bdc6a24e754a555d7316fa4774e64c6c3997d27ed2d1964d55920c7c227bc4ce",
                "sha256:beeefe437218a65322fbd0069eb437e7c98137e08f22c4660ac2dc795c31f8bb",
                "sha256:c5eeac541cefd0bb887a371ef73c62c3cd78535e4887b310626036a7c0a817bb",
                "sha256:c950d682f0952bafcceaf709761da0a32a942272fad381081b51096ffa46cea1",
                "sha256:d9af79d322e735b1fc33404b5765108ae0ff232d4b54666d46730f8ac1a43676",
                "sha256:e53e074b120f2877a35cc6c736b8eb161377caae8925c17688bd46ba56daaa5b",
                "sha256:e965a9c1e9a393b8005031ff52583cedc15b7884fce7deb8b0346388837d6cfe",
                "sha256:f01e060f14b6b57bbb72fc5b4a83ac21c443c9a2ee708e04a10e9192f90a6281",
                "sha256:f1e3ffa1365e8702dc48c8b360fef8d7afeca482809c5e45e653af82ccd088c1",
                "sha256:f6746e6fec103fcd509b96bacdfdaa2fbde9a553245dbada284435173a6f1aef",
                "sha256:f81b0ed2639568bf14749112298f9e4e2b28853dab50a8b357e31798686a036d"
            ],
            "index": "pypi",
            "markers": "python_version >= '3.8'",
            "version": "==4.3.0"
        },
        "cffi": {
            "hashes": [
                "sha256:045d61c734659cc045141be4bae381a41d89b741f795af1dd018bfb532fd0df8",
                "sha256:0984a4925a435b1da406122d4d7968dd861c1385afe3b45ba82b750f229811e2",
                "sha256:0e2b1fac190ae3ebfe37b979cc1ce69c81f4e4fe5746bb401dca63a9062cdaf1",
                "sha256:0f048dcf80db46f0098ccac01132761580d28e28bc0f78ae0d58048063317e15",
                "sha256:1257bdabf294dceb59f5e70c64a3e2f462c30c7ad68092d01bbbfb1c16b1ba36",
                "sha256:1c39c6016c32bc48dd54561950ebd6836e1670f2ae46128f67cf49e789c52824",
                "sha256:1d599671f396c4723d016dbddb72fe8e0397082b0a77a4fab8028923bec050e8",
                "sha256:28b16024becceed8c6dfbc75629e27788d8a3f9030691a1dbf9821a128b22c36",
                "sha256:2bb1a08b8008b281856e5971307cc386a8e9c5b625ac297e853d36da6efe9c17",
                "sha256:30c5e0cb5ae493c04c8b42916e52ca38079f1b235c2f8ae5f4527b963c401caf",
                "sha256:31000ec67d4221a71bd3f67df918b1f88f676f1c3b535a7eb473255fdc0b83fc",
                "sha256:386c8bf53c502fff58903061338ce4f4950cbdcb23e2902d86c0f722b786bbe3",
                "sha256:3edc8d958eb099c634dace3c7e16560ae474aa3803a5df240542b305d14e14ed",
                "sha256:45398b671ac6d70e67da8e4224a065cec6a93541bb7aebe1b198a61b58c7b702",
                "sha256:46bf43160c1a35f7ec506d254e5c890f3c03648a4dbac12d624e4490a7046cd1",
                "sha256:4ceb10419a9adf4460ea14cfd6bc43d08701f0835e979bf821052f1805850fe8",
                "sha256:51392eae71afec0d0c8fb1a53b204dbb3bcabcb3c9b807eedf3e1e6ccf2de903",
                "sha256:5da5719280082ac6bd9aa7becb3938dc9f9cbd57fac7d2871717b1feb0902ab6",
                "sha256:610faea79c43e44c71e1ec53a554553fa22321b65fae24889706c0a84d4ad86d",
                "sha256:636062ea65bd0195bc012fea9321aca499c0504409f413dc88af450b57ffd03b",
                "sha256:6883e737d7d9e4899a8a695e00ec36bd4e5e4f18fabe0aca0efe0a4b44cdb13e",
                "sha256:6b8b4a92e1c65048ff98cfe1f735ef8f1ceb72e3d5f0c25fdb12087a23da22be",
                "sha256:6f17be4345073b0a7b8ea599688f692ac3ef23ce28e5df79c04de519dbc4912c",
                "sha256:706510fe141c86a69c8ddc029c7910003a17353970cff3b904ff0686a5927683",
                "sha256:72e72408cad3d5419375fc87d289076ee319835bdfa2caad331e377589aebba9",
                "sha256:733e99bc2df47476e3848417c5a4540522f234dfd4ef3ab7fafdf555b082ec0c",
                "sha256:7596d6620d3fa590f677e9ee430df2958d2d6d6de2feeae5b20e82c00b76fbf8",
                "sha256:78122be759c3f8a014ce010908ae03364d00a1f81ab5c7f4a7a5120607ea56e1",
                "sha256:805b4371bf7197c329fcb3ead37e710d1bca9da5d583f5073b799d5c5bd1eee4",
                "sha256:85a950a4ac9c359340d5963966e3e0a94a676bd6245a4b55bc43949eee26a655",
                "sha256:8f2cdc858323644ab277e9bb925ad72ae0e67f69e804f4898c070998d50b1a67",
                "sha256:9755e4345d1ec879e3849e62222a18c7174d65a6a92d5b346b1863912168b595",
                "sha256:98e3969bcff97cae1b2def8ba499ea3d6f31ddfdb7635374834cf89a1a08ecf0",
                "sha256:a08d7e755f8ed21095a310a693525137cfe756ce62d066e53f502a83dc550f65",
                "sha256:a1ed2dd2972641495a3ec98445e09766f077aee98a1c896dcb4ad0d303628e41",
                "sha256:a24ed04c8ffd54b0729c07cee15a81d964e6fee0e3d4d342a27b020d22959dc6",
                "sha256:a45e3c6913c5b87b3ff120dcdc03f6131fa0065027d0ed7ee6190736a74cd401",
                "sha256:a9b15d491f3ad5d692e11f6b71f7857e7835eb677955c00cc0aefcd0669adaf6",
                "sha256:ad9413ccdeda48c5afdae7e4fa2192157e991ff761e7ab8fdd8926f40b160cc3",
                "sha256:b2ab587605f4ba0bf81dc0cb08a41bd1c0a5906bd59243d56bad7668a6fc6c16",
                "sha256:b62ce867176a75d03a665bad002af8e6d54644fad99a3c70905c543130e39d93",
                "sha256:c03e868a0b3bc35839ba98e74211ed2b05d2119be4e8a0f224fba9384f1fe02e",
                "sha256:c59d6e989d07460165cc5ad3c61f9fd8f1b4796eacbd81cee78957842b834af4",
                "sha256:c7eac2ef9b63c79431bc4b25f1cd649d7f061a28808cbc6c47b534bd789ef964",
                "sha256:c9c3d058ebabb74db66e431095118094d06abf53284d9c81f27300d0e0d8bc7c",
                "sha256:ca74b8dbe6e8e8263c0ffd60277de77dcee6c837a3d0881d8c1ead7268c9e576",
                "sha256:caaf0640ef5f5517f49bc275eca1406b0ffa6aa184892812030f04c2abf589a0",
                "sha256:cdf5ce3acdfd1661132f2a9c19cac174758dc2352bfe37d98aa7512c6b7178b3",
                "sha256:d016c76bdd850f3c626af19b0542c9677ba156e4ee4fccfdd7848803533ef662",
                "sha256:d01b12eeeb4427d3110de311e1774046ad344f5b1a7403101878976ecd7a10f3",
                "sha256:d63afe322132c194cf832bfec0dc69a99fb9bb6bbd550f161a49e9e855cc78ff",
                "sha256:da95af8214998d77a98cc14e3a3bd00aa191526343078b530ceb0bd710fb48a5",
                "sha256:dd398dbc6773384a17fe0d3e7eeb8d1a21c2200473ee6806bb5e6a8e62bb73dd",
                "sha256:de2ea4b5833625383e464549fec1bc395c1bdeeb5f25c4a3a82b5a8c756ec22f",
                "sha256:de55b766c7aa2e2a3092c51e0483d700341182f08e67c63630d5b6f200bb28e5",
                "sha256:df8b1c11f177bc2313ec4b2d46baec87a5f3e71fc8b45dab2ee7cae86d9aba14",
                "sha256:e03eab0a8677fa80d646b5ddece1cbeaf556c313dcfac435ba11f107ba117b5d",
                "sha256:e221cf152cff04059d011ee126477f0d9588303eb57e88923578ace7baad17f9",
                "sha256:e31ae45bc2e29f6b2abd0de1cc3b9d5205aa847cafaecb8af1476a609a2f6eb7",
                "sha256:edae79245293e15384b51f88b00613ba9f7198016a5948b5dddf4917d4d26382",
                "sha256:f1e22e8c4419538cb197e4dd60acc919d7696e5ef98ee4da4e01d3f8cfa4cc5a",
                "sha256:f3a2b4222ce6b60e2e8b337bb9596923045681d71e5a082783484d845390938e",
                "sha256:f6a16c31041f09ead72d69f583767292f750d24913dadacf5756b966aacb3f1a",
                "sha256:f75c7ab1f9e4aca5414ed4d8e5c0e303a34f4421f8a0d47a4d019ceff0ab6af4",
                "sha256:f79fc4fc25f1c8698ff97788206bb3c2598949bfe0fef03d299eb1b5356ada99",
                "sha256:f7f5baafcc48261359e14bcd6d9bff6d4b28d9103847c9e136694cb0501aef87",
                "sha256:fc48c783f9c87e60831201f2cce7f3b2e4846bf4d8728eabe54d60700b318a0b"
            ],
            "index": "pypi",
            "markers": "python_version >= '3.8'",
            "version": "==1.17.1"
        },
        "click": {
            "hashes": [
                "sha256:63c132bbbed01578a06712a2d1f497bb62d9c1c0d329b7903a866228027263b2",
                "sha256:ed53c9d8990d83c2a27deae68e4ee337473f6330c040a31d4225c9574d16096a"
            ],
            "index": "pypi",
            "markers": "python_version >= '3.7'",
            "version": "==8.1.8"
        },
        "colorama": {
            "hashes": [
                "sha256:08695f5cb7ed6e0531a20572697297273c47b8cae5a63ffc6d6ed5c201be6e44",
                "sha256:4f1d9991f5acc0ca119f9d443620b77f9d6b33703e51011c16baf57afb285fc6"
            ],
            "markers": "python_version >= '2.7' and python_version not in '3.0, 3.1, 3.2, 3.3, 3.4, 3.5, 3.6'",
            "version": "==0.4.6"
        },
        "cryptography": {
            "hashes": [
                "sha256:093cb351031656d3ee2f4fa1be579a8c69c754cf874206be1d4cf3b542042804",
                "sha256:0cc20f655157d4cfc7bada909dc5cc228211b075ba8407c46467f63597c78178",
                "sha256:1b9362d34363f2c71b7853f6251219298124aa4cc2075ae2932e64c91a3e2717",
                "sha256:1f3bfbd611db5cb58ca82f3deb35e83af34bb8cf06043fa61500157d50a70982",
                "sha256:2bd1096476aaac820426239ab534b636c77d71af66c547b9ddcd76eb9c79e004",
                "sha256:31fe38d14d2e5f787e0aecef831457da6cec68e0bb09a35835b0b44ae8b988fe",
                "sha256:3b8398b3d0efc420e777c40c16764d6870bcef2eb383df9c6dbb9ffe12c64452",
                "sha256:3c81599befb4d4f3d7648ed3217e00d21a9341a9a688ecdd615ff72ffbed7336",
                "sha256:419c57d7b63f5ec38b1199a9521d77d7d1754eb97827bbb773162073ccd8c8d4",
                "sha256:46f4c544f6557a2fefa7ac8ac7d1b17bf9b647bd20b16decc8fbcab7117fbc15",
                "sha256:471e0d70201c069f74c837983189949aa0d24bb2d751b57e26e3761f2f782b8d",
                "sha256:59b281eab51e1b6b6afa525af2bd93c16d49358404f814fe2c2410058623928c",
                "sha256:731c8abd27693323b348518ed0e0705713a36d79fdbd969ad968fbef0979a7e0",
                "sha256:95e590dd70642eb2079d280420a888190aa040ad20f19ec8c6e097e38aa29e06",
                "sha256:a68254dd88021f24a68b613d8c51d5c5e74d735878b9e32cc0adf19d1f10aaf9",
                "sha256:a7d5137e556cc0ea418dca6186deabe9129cee318618eb1ffecbd35bee55ddc1",
                "sha256:aeaba7b5e756ea52c8861c133c596afe93dd716cbcacae23b80bc238202dc023",
                "sha256:dc26bb134452081859aa21d4990474ddb7e863aa39e60d1592800a8865a702de",
                "sha256:e53258e69874a306fcecb88b7534d61820db8a98655662a3dd2ec7f1afd9132f",
                "sha256:ef15c2df7656763b4ff20a9bc4381d8352e6640cfeb95c2972c38ef508e75181",
                "sha256:f224ad253cc9cea7568f49077007d2263efa57396a2f2f78114066fd54b5c68e",
                "sha256:f8ec91983e638a9bcd75b39f1396e5c0dc2330cbd9ce4accefe68717e6779e0a"
            ],
            "index": "pypi",
            "markers": "python_version >= '3.6'",
            "version": "==37.0.2"
        },
        "dnspython": {
            "hashes": [
                "sha256:b4c34b7d10b51bcc3a5071e7b8dee77939f1e878477eeecc965e9835f63c6c86",
                "sha256:ce9c432eda0dc91cf618a5cedf1a4e142651196bbcd2c80e89ed5a907e5cfaf1"
            ],
            "index": "pypi",
            "markers": "python_version >= '3.9'",
            "version": "==2.7.0"
        },
        "ecdsa": {
            "hashes": [
                "sha256:2cea9b88407fdac7bbeca0833b189e4c9c53f2ef1e1eaa29f6224dbc809b707a",
                "sha256:60eaad1199659900dd0af521ed462b793bbdf867432b3948e87416ae4caf6bf8"
            ],
            "index": "pypi",
            "markers": "python_version >= '2.6' and python_version not in '3.0, 3.1, 3.2, 3.3, 3.4'",
            "version": "==0.19.0"
        },
        "email-validator": {
            "hashes": [
                "sha256:6757aea012d40516357c0ac2b1a4c31219ab2f899d26831334c5d069e8b6c3d8",
                "sha256:c8589e691cf73eb99eed8d10ce0e9cbb05a0886ba920c8bcb7c82873f4c5789c"
            ],
            "index": "pypi",
            "markers": "python_version >= '2.7' and python_version not in '3.0, 3.1, 3.2, 3.3, 3.4'",
            "version": "==1.2.1"
        },
        "exceptiongroup": {
            "hashes": [
                "sha256:3111b9d131c238bec2f8f516e123e14ba243563fb135d3fe885990585aa7795b",
                "sha256:47c2edf7c6738fafb49fd34290706d1a1a2f4d1c6df275526b62cbb4aa5393cc"
            ],
            "index": "pypi",
            "markers": "python_version >= '3.7'",
            "version": "==1.2.2"
        },
        "fastapi": {
            "hashes": [
                "sha256:a70d31f4249b6b42dbe267667d22f83af645b2d857876c97f83ca9573215784f",
                "sha256:b5dac161ee19d33346040d3f44d8b7a9ac09b37df9efff95891f5e7641fa482f"
            ],
            "index": "pypi",
            "markers": "python_full_version >= '3.6.1'",
            "version": "==0.75.2"
        },
        "greenlet": {
            "hashes": [
                "sha256:0153404a4bb921f0ff1abeb5ce8a5131da56b953eda6e14b88dc6bbc04d2049e",
                "sha256:03a088b9de532cbfe2ba2034b2b85e82df37874681e8c470d6fb2f8c04d7e4b7",
                "sha256:04b013dc07c96f83134b1e99888e7a79979f1a247e2a9f59697fa14b5862ed01",
                "sha256:05175c27cb459dcfc05d026c4232f9de8913ed006d42713cb8a5137bd49375f1",
                "sha256:09fc016b73c94e98e29af67ab7b9a879c307c6731a2c9da0db5a7d9b7edd1159",
                "sha256:0bbae94a29c9e5c7e4a2b7f0aae5c17e8e90acbfd3bf6270eeba60c39fce3563",
                "sha256:0fde093fb93f35ca72a556cf72c92ea3ebfda3d79fc35bb19fbe685853869a83",
                "sha256:1443279c19fca463fc33e65ef2a935a5b09bb90f978beab37729e1c3c6c25fe9",
                "sha256:1776fd7f989fc6b8d8c8cb8da1f6b82c5814957264d1f6cf818d475ec2bf6395",
                "sha256:1d3755bcb2e02de341c55b4fca7a745a24a9e7212ac953f6b3a48d117d7257aa",
                "sha256:23f20bb60ae298d7d8656c6ec6db134bca379ecefadb0b19ce6f19d1f232a942",
                "sha256:275f72decf9932639c1c6dd1013a1bc266438eb32710016a1c742df5da6e60a1",
                "sha256:2846930c65b47d70b9d178e89c7e1a69c95c1f68ea5aa0a58646b7a96df12441",
                "sha256:3319aa75e0e0639bc15ff54ca327e8dc7a6fe404003496e3c6925cd3142e0e22",
                "sha256:346bed03fe47414091be4ad44786d1bd8bef0c3fcad6ed3dee074a032ab408a9",
                "sha256:36b89d13c49216cadb828db8dfa6ce86bbbc476a82d3a6c397f0efae0525bdd0",
                "sha256:37b9de5a96111fc15418819ab4c4432e4f3c2ede61e660b1e33971eba26ef9ba",
                "sha256:396979749bd95f018296af156201d6211240e7a23090f50a8d5d18c370084dc3",
                "sha256:3b2813dc3de8c1ee3f924e4d4227999285fd335d1bcc0d2be6dc3f1f6a318ec1",
                "sha256:411f015496fec93c1c8cd4e5238da364e1da7a124bcb293f085bf2860c32c6f6",
                "sha256:47da355d8687fd65240c364c90a31569a133b7b60de111c255ef5b606f2ae291",
                "sha256:48ca08c771c268a768087b408658e216133aecd835c0ded47ce955381105ba39",
                "sha256:4afe7ea89de619adc868e087b4d2359282058479d7cfb94970adf4b55284574d",
                "sha256:4ce3ac6cdb6adf7946475d7ef31777c26d94bccc377e070a7986bd2d5c515467",
                "sha256:4ead44c85f8ab905852d3de8d86f6f8baf77109f9da589cb4fa142bd3b57b475",
                "sha256:54558ea205654b50c438029505def3834e80f0869a70fb15b871c29b4575ddef",
                "sha256:5e06afd14cbaf9e00899fae69b24a32f2196c19de08fcb9f4779dd4f004e5e7c",
                "sha256:62ee94988d6b4722ce0028644418d93a52429e977d742ca2ccbe1c4f4a792511",
                "sha256:63e4844797b975b9af3a3fb8f7866ff08775f5426925e1e0bbcfe7932059a12c",
                "sha256:6510bf84a6b643dabba74d3049ead221257603a253d0a9873f55f6a59a65f822",
                "sha256:667a9706c970cb552ede35aee17339a18e8f2a87a51fba2ed39ceeeb1004798a",
                "sha256:6ef9ea3f137e5711f0dbe5f9263e8c009b7069d8a1acea822bd5e9dae0ae49c8",
                "sha256:7017b2be767b9d43cc31416aba48aab0d2309ee31b4dbf10a1d38fb7972bdf9d",
                "sha256:7124e16b4c55d417577c2077be379514321916d5790fa287c9ed6f23bd2ffd01",
                "sha256:73aaad12ac0ff500f62cebed98d8789198ea0e6f233421059fa68a5aa7220145",
                "sha256:77c386de38a60d1dfb8e55b8c1101d68c79dfdd25c7095d51fec2dd800892b80",
                "sha256:7876452af029456b3f3549b696bb36a06db7c90747740c5302f74a9e9fa14b13",
                "sha256:7939aa3ca7d2a1593596e7ac6d59391ff30281ef280d8632fa03d81f7c5f955e",
                "sha256:8320f64b777d00dd7ccdade271eaf0cad6636343293a25074cc5566160e4de7b",
                "sha256:85f3ff71e2e60bd4b4932a043fbbe0f499e263c628390b285cb599154a3b03b1",
                "sha256:8b8b36671f10ba80e159378df9c4f15c14098c4fd73a36b9ad715f057272fbef",
                "sha256:93147c513fac16385d1036b7e5b102c7fbbdb163d556b791f0f11eada7ba65dc",
                "sha256:935e943ec47c4afab8965954bf49bfa639c05d4ccf9ef6e924188f762145c0ff",
                "sha256:94b6150a85e1b33b40b1464a3f9988dcc5251d6ed06842abff82e42632fac120",
                "sha256:94ebba31df2aa506d7b14866fed00ac141a867e63143fe5bca82a8e503b36437",
                "sha256:95ffcf719966dd7c453f908e208e14cde192e09fde6c7186c8f1896ef778d8cd",
                "sha256:98884ecf2ffb7d7fe6bd517e8eb99d31ff7855a840fa6d0d63cd07c037f6a981",
                "sha256:99cfaa2110534e2cf3ba31a7abcac9d328d1d9f1b95beede58294a60348fba36",
                "sha256:9e8f8c9cb53cdac7ba9793c276acd90168f416b9ce36799b9b885790f8ad6c0a",
                "sha256:a0dfc6c143b519113354e780a50381508139b07d2177cb6ad6a08278ec655798",
                "sha256:b2795058c23988728eec1f36a4e5e4ebad22f8320c85f3587b539b9ac84128d7",
                "sha256:b42703b1cf69f2aa1df7d1030b9d77d3e584a70755674d60e710f0af570f3761",
                "sha256:b7cede291382a78f7bb5f04a529cb18e068dd29e0fb27376074b6d0317bf4dd0",
                "sha256:b8a678974d1f3aa55f6cc34dc480169d58f2e6d8958895d68845fa4ab566509e",
                "sha256:b8da394b34370874b4572676f36acabac172602abf054cbc4ac910219f3340af",
                "sha256:c3a701fe5a9695b238503ce5bbe8218e03c3bcccf7e204e455e7462d770268aa",
                "sha256:c4aab7f6381f38a4b42f269057aee279ab0fc7bf2e929e3d4abfae97b682a12c",
                "sha256:ca9d0ff5ad43e785350894d97e13633a66e2b50000e8a183a50a88d834752d42",
                "sha256:d0028e725ee18175c6e422797c407874da24381ce0690d6b9396c204c7f7276e",
                "sha256:d21e10da6ec19b457b82636209cbe2331ff4306b54d06fa04b7c138ba18c8a81",
                "sha256:d5e975ca70269d66d17dd995dafc06f1b06e8cb1ec1e9ed54c1d1e4a7c4cf26e",
                "sha256:da7a9bff22ce038e19bf62c4dd1ec8391062878710ded0a845bcf47cc0200617",
                "sha256:db32b5348615a04b82240cc67983cb315309e88d444a288934ee6ceaebcad6cc",
                "sha256:dcc62f31eae24de7f8dce72134c8651c58000d3b1868e01392baea7c32c247de",
                "sha256:dfc59d69fc48664bc693842bd57acfdd490acafda1ab52c7836e3fc75c90a111",
                "sha256:e347b3bfcf985a05e8c0b7d462ba6f15b1ee1c909e2dcad795e49e91b152c383",
                "sha256:e4d333e558953648ca09d64f13e6d8f0523fa705f51cae3f03b5983489958c70",
                "sha256:ed10eac5830befbdd0c32f83e8aa6288361597550ba669b04c48f0f9a2c843c6",
                "sha256:efc0f674aa41b92da8c49e0346318c6075d734994c3c4e4430b1c3f853e498e4",
                "sha256:f1695e76146579f8c06c1509c7ce4dfe0706f49c6831a817ac04eebb2fd02011",
                "sha256:f1d4aeb8891338e60d1ab6127af1fe45def5259def8094b9c7e34690c8858803",
                "sha256:f406b22b7c9a9b4f8aa9d2ab13d6ae0ac3e85c9a809bd590ad53fed2bf70dc79",
                "sha256:f6ff3b14f2df4c41660a7dec01045a045653998784bf8cfcb5a525bdffffbc8f"
            ],
            "index": "pypi",
            "markers": "python_version >= '3.7'",
            "version": "==3.1.1"
        },
        "gunicorn": {
            "hashes": [
                "sha256:9dcc4547dbb1cb284accfb15ab5667a0e5d1881cc443e0677b4882a4067a807e",
                "sha256:e0a968b5ba15f8a328fdfd7ab1fcb5af4470c28aaf7e55df02a99bc13138e6e8"
            ],
            "index": "pypi",
            "markers": "python_version >= '3.5'",
            "version": "==20.1.0"
        },
        "h11": {
            "hashes": [
                "sha256:8f19fbbe99e72420ff35c00b27a34cb9937e902a8b810e2c88300c6f0a3b699d",
                "sha256:e3fe4ac4b851c468cc8363d500db52c2ead036020723024a109d37346efaa761"
            ],
            "index": "pypi",
            "markers": "python_version >= '3.7'",
            "version": "==0.14.0"
        },
        "idna": {
            "hashes": [
                "sha256:12f65c9b470abda6dc35cf8e63cc574b1c52b11df2c86030af0ac09b01b13ea9",
                "sha256:946d195a0d259cbba61165e88e65941f16e9b36ea6ddb97f00452bae8b1287d3"
            ],
            "index": "pypi",
            "markers": "python_version >= '3.6'",
            "version": "==3.10"
        },
        "passlib": {
            "hashes": [
                "sha256:aa6bca462b8d8bda89c70b382f0c298a20b5560af6cbfa2dce410c0a2fb669f1",
                "sha256:defd50f72b65c5402ab2c573830a6978e5f202ad0d984793c8dde2c4152ebe04"
            ],
            "index": "pypi",
            "version": "==1.7.4"
        },
        "psycopg2-binary": {
            "hashes": [
                "sha256:01310cf4cf26db9aea5158c217caa92d291f0500051a6469ac52166e1a16f5b7",
                "sha256:083a55275f09a62b8ca4902dd11f4b33075b743cf0d360419e2051a8a5d5ff76",
                "sha256:090f3348c0ab2cceb6dfbe6bf721ef61262ddf518cd6cc6ecc7d334996d64efa",
                "sha256:0a29729145aaaf1ad8bafe663131890e2111f13416b60e460dae0a96af5905c9",
                "sha256:0c9d5450c566c80c396b7402895c4369a410cab5a82707b11aee1e624da7d004",
                "sha256:10bb90fb4d523a2aa67773d4ff2b833ec00857f5912bafcfd5f5414e45280fb1",
                "sha256:12b11322ea00ad8db8c46f18b7dfc47ae215e4df55b46c67a94b4effbaec7094",
                "sha256:152f09f57417b831418304c7f30d727dc83a12761627bb826951692cc6491e57",
                "sha256:15803fa813ea05bef089fa78835118b5434204f3a17cb9f1e5dbfd0b9deea5af",
                "sha256:15c4e4cfa45f5a60599d9cec5f46cd7b1b29d86a6390ec23e8eebaae84e64554",
                "sha256:183a517a3a63503f70f808b58bfbf962f23d73b6dccddae5aa56152ef2bcb232",
                "sha256:1f14c8b0942714eb3c74e1e71700cbbcb415acbc311c730370e70c578a44a25c",
                "sha256:1f6b813106a3abdf7b03640d36e24669234120c72e91d5cbaeb87c5f7c36c65b",
                "sha256:280b0bb5cbfe8039205c7981cceb006156a675362a00fe29b16fbc264e242834",
                "sha256:2d872e3c9d5d075a2e104540965a1cf898b52274a5923936e5bfddb58c59c7c2",
                "sha256:2f2534ab7dc7e776a263b463a16e189eb30e85ec9bbe1bff9e78dae802608932",
                "sha256:2f9ffd643bc7349eeb664eba8864d9e01f057880f510e4681ba40a6532f93c71",
                "sha256:3303f8807f342641851578ee7ed1f3efc9802d00a6f83c101d21c608cb864460",
                "sha256:35168209c9d51b145e459e05c31a9eaeffa9a6b0fd61689b48e07464ffd1a83e",
                "sha256:3a79d622f5206d695d7824cbf609a4f5b88ea6d6dab5f7c147fc6d333a8787e4",
                "sha256:404224e5fef3b193f892abdbf8961ce20e0b6642886cfe1fe1923f41aaa75c9d",
                "sha256:46f0e0a6b5fa5851bbd9ab1bc805eef362d3a230fbdfbc209f4a236d0a7a990d",
                "sha256:47133f3f872faf28c1e87d4357220e809dfd3fa7c64295a4a148bcd1e6e34ec9",
                "sha256:526ea0378246d9b080148f2d6681229f4b5964543c170dd10bf4faaab6e0d27f",
                "sha256:53293533fcbb94c202b7c800a12c873cfe24599656b341f56e71dd2b557be063",
                "sha256:539b28661b71da7c0e428692438efbcd048ca21ea81af618d845e06ebfd29478",
                "sha256:57804fc02ca3ce0dbfbef35c4b3a4a774da66d66ea20f4bda601294ad2ea6092",
                "sha256:63638d875be8c2784cfc952c9ac34e2b50e43f9f0a0660b65e2a87d656b3116c",
                "sha256:6472a178e291b59e7f16ab49ec8b4f3bdada0a879c68d3817ff0963e722a82ce",
                "sha256:68641a34023d306be959101b345732360fc2ea4938982309b786f7be1b43a4a1",
                "sha256:6e82d38390a03da28c7985b394ec3f56873174e2c88130e6966cb1c946508e65",
                "sha256:761df5313dc15da1502b21453642d7599d26be88bff659382f8f9747c7ebea4e",
                "sha256:7af0dd86ddb2f8af5da57a976d27cd2cd15510518d582b478fbb2292428710b4",
                "sha256:7b1e9b80afca7b7a386ef087db614faebbf8839b7f4db5eb107d0f1a53225029",
                "sha256:874a52ecab70af13e899f7847b3e074eeb16ebac5615665db33bce8a1009cf33",
                "sha256:887dd9aac71765ac0d0bac1d0d4b4f2c99d5f5c1382d8b770404f0f3d0ce8a39",
                "sha256:8b344adbb9a862de0c635f4f0425b7958bf5a4b927c8594e6e8d261775796d53",
                "sha256:8fc53f9af09426a61db9ba357865c77f26076d48669f2e1bb24d85a22fb52307",
                "sha256:91920527dea30175cc02a1099f331aa8c1ba39bf8b7762b7b56cbf54bc5cce42",
                "sha256:93cd1967a18aa0edd4b95b1dfd554cf15af657cb606280996d393dadc88c3c35",
                "sha256:99485cab9ba0fa9b84f1f9e1fef106f44a46ef6afdeec8885e0b88d0772b49e8",
                "sha256:9d29409b625a143649d03d0fd7b57e4b92e0ecad9726ba682244b73be91d2fdb",
                "sha256:a29b3ca4ec9defec6d42bf5feb36bb5817ba3c0230dd83b4edf4bf02684cd0ae",
                "sha256:a9e1f75f96ea388fbcef36c70640c4efbe4650658f3d6a2967b4cc70e907352e",
                "sha256:accfe7e982411da3178ec690baaceaad3c278652998b2c45828aaac66cd8285f",
                "sha256:adf20d9a67e0b6393eac162eb81fb10bc9130a80540f4df7e7355c2dd4af9fba",
                "sha256:af9813db73395fb1fc211bac696faea4ca9ef53f32dc0cfa27e4e7cf766dcf24",
                "sha256:b1c8068513f5b158cf7e29c43a77eb34b407db29aca749d3eb9293ee0d3103ca",
                "sha256:b3a24a1982ae56461cc24f6680604fffa2c1b818e9dc55680da038792e004d18",
                "sha256:bda845b664bb6c91446ca9609fc69f7db6c334ec5e4adc87571c34e4f47b7ddb",
                "sha256:c381bda330ddf2fccbafab789d83ebc6c53db126e4383e73794c74eedce855ef",
                "sha256:c3ae8e75eb7160851e59adc77b3a19a976e50622e44fd4fd47b8b18208189d42",
                "sha256:d1c1b569ecafe3a69380a94e6ae09a4789bbb23666f3d3a08d06bbd2451f5ef1",
                "sha256:def68d7c21984b0f8218e8a15d514f714d96904265164f75f8d3a70f9c295667",
                "sha256:dffc08ca91c9ac09008870c9eb77b00a46b3378719584059c034b8945e26b272",
                "sha256:e3699852e22aa68c10de06524a3721ade969abf382da95884e6a10ff798f9281",
                "sha256:e6aa71ae45f952a2205377773e76f4e3f27951df38e69a4c95440c779e013560",
                "sha256:e847774f8ffd5b398a75bc1c18fbb56564cda3d629fe68fd81971fece2d3c67e",
                "sha256:ffb7a888a047696e7f8240d649b43fb3644f14f0ee229077e7f6b9f9081635bd"
            ],
            "index": "pypi",
            "markers": "python_version >= '3.6'",
            "version": "==2.9.3"
        },
        "pyasn1": {
            "hashes": [
                "sha256:0d632f46f2ba09143da3a8afe9e33fb6f92fa2320ab7e886e2d0f7672af84629",
                "sha256:6f580d2bdd84365380830acf45550f2511469f673cb4a5ae3857a3170128b034"
            ],
            "index": "pypi",
            "markers": "python_version >= '3.8'",
            "version": "==0.6.1"
        },
        "pycparser": {
            "hashes": [
                "sha256:491c8be9c040f5390f5bf44a5b07752bd07f56edf992381b05c701439eec10f6",
                "sha256:c3702b6d3dd8c7abc1afa565d7e63d53a1d0bd86cdc24edd75470f4de499cfcc"
            ],
            "index": "pypi",
            "markers": "python_version >= '3.8'",
            "version": "==2.22"
        },
        "pydantic": {
            "hashes": [
                "sha256:0399094464ae7f28482de22383e667625e38e1516d6b213176df1acdd0c477ea",
                "sha256:076c49e24b73d346c45f9282d00dbfc16eef7ae27c970583d499f11110d9e5b0",
                "sha256:07d00ca5ef0de65dd274005433ce2bb623730271d495a7d190a91c19c5679d34",
                "sha256:0890fbd7fec9e151c7512941243d830b2d6076d5df159a2030952d480ab80a4e",
                "sha256:0bfb5b378b78229119d66ced6adac2e933c67a0aa1d0a7adffbe432f3ec14ce4",
                "sha256:0d32227ea9a3bf537a2273fd2fdb6d64ab4d9b83acd9e4e09310a777baaabb98",
                "sha256:11965f421f7eb026439d4eb7464e9182fe6d69c3d4d416e464a4485d1ba61ab6",
                "sha256:1fc8cc264afaf47ae6a9bcbd36c018d0c6b89293835d7fb0e5e1a95898062d59",
                "sha256:2206a1752d9fac011e95ca83926a269fb0ef5536f7e053966d058316e24d929f",
                "sha256:22a1794e01591884741be56c6fba157c4e99dcc9244beb5a87bd4aa54b84ea8b",
                "sha256:4739c206bfb6bb2bdc78dcd40bfcebb2361add4ceac6d170e741bb914e9eff0f",
                "sha256:4a5d5b877c7d3d9e17399571a8ab042081d22fe6904416a8b20f8af5909e6c8f",
                "sha256:566bebdbe6bc0ac593fa0f67d62febbad9f8be5433f686dc56401ba4aab034e3",
                "sha256:570ad0aeaf98b5e33ff41af75aba2ef6604ee25ce0431ecd734a28e74a208555",
                "sha256:573254d844f3e64093f72fcd922561d9c5696821ff0900a0db989d8c06ab0c25",
                "sha256:5d4320510682d5a6c88766b2a286d03b87bd3562bf8d78c73d63bab04b21e7b4",
                "sha256:6d8a38a44bb6a15810084316ed69c854a7c06e0c99c5429f1d664ad52cec353c",
                "sha256:6eb56074b11a696e0b66c7181da682e88c00e5cebe6570af8013fcae5e63e186",
                "sha256:7e66aa0fa7f8aa9d0a620361834f6eb60d01d3e9cea23ca1a92cda99e6f61dac",
                "sha256:7ea24e8614f541d69ea72759ff635df0e612b7dc9d264d43f51364df310081a3",
                "sha256:7f31742c95e3f9443b8c6fa07c119623e61d76603be9c0d390bcf7e888acabcb",
                "sha256:83ee8c9916689f8e6e7d90161e6663ac876be2efd32f61fdcfa3a15e87d4e413",
                "sha256:8b2cf5e26da84f2d2dee3f60a3f1782adedcee785567a19b68d0af7e1534bd1f",
                "sha256:945407f4d08cd12485757a281fca0e5b41408606228612f421aa4ea1b63a095d",
                "sha256:9c46f58ef2df958ed2ea7437a8be0897d5efe9ee480818405338c7da88186fb3",
                "sha256:9d7d48fbc5289efd23982a0d68e973a1f37d49064ccd36d86de4543aff21e086",
                "sha256:9f28a81978e936136c44e6a70c65bde7548d87f3807260f73aeffbf76fb94c2f",
                "sha256:a415b9e95fa602b10808113967f72b2da8722061265d6af69268c111c254832d",
                "sha256:a82746c6d6e91ca17e75f7f333ed41d70fce93af520a8437821dec3ee52dfb10",
                "sha256:ad57004e5d73aee36f1e25e4e73a4bc853b473a1c30f652dc8d86b0a987ffce3",
                "sha256:c6444368b651a14c2ce2fb22145e1496f7ab23cbdb978590d47c8d34a7bc0289",
                "sha256:d216f8d0484d88ab72ab45d699ac669fe031275e3fa6553e3804e69485449fa0",
                "sha256:d3449633c207ec3d2d672eedb3edbe753e29bd4e22d2e42a37a2c1406564c20f",
                "sha256:d5b5b7c6bafaef90cbb7dafcb225b763edd71d9e22489647ee7df49d6d341890",
                "sha256:d7a8a1dd68bac29f08f0a3147de1885f4dccec35d4ea926e6e637fac03cdb4b3",
                "sha256:d8d72553d2f3f57ce547de4fa7dc8e3859927784ab2c88343f1fc1360ff17a08",
                "sha256:dce355fe7ae53e3090f7f5fa242423c3a7b53260747aa398b4b3aaf8b25f41c3",
                "sha256:e351df83d1c9cffa53d4e779009a093be70f1d5c6bb7068584086f6a19042526",
                "sha256:ec5c44e6e9eac5128a9bfd21610df3b8c6b17343285cc185105686888dc81206",
                "sha256:f5bb81fcfc6d5bff62cd786cbd87480a11d23f16d5376ad2e057c02b3b44df96",
                "sha256:fd34012691fbd4e67bdf4accb1f0682342101015b78327eaae3543583fcd451e",
                "sha256:fea36c2065b7a1d28c6819cc2e93387b43dd5d3cf5a1e82d8132ee23f36d1f10",
                "sha256:ff09600cebe957ecbb4a27496fe34c1d449e7957ed20a202d5029a71a8af2e35"
            ],
            "index": "pypi",
            "markers": "python_version >= '3.7'",
            "version": "==1.10.19"
        },
        "python-dotenv": {
            "hashes": [
                "sha256:41f90bc6f5f177fb41f53e87666db362025010eb28f60a01c9143bfa33a2b2d5",
                "sha256:d7c01d9e2293916c18baf562d95698754b0dbbb5e74d457c45d4f6561fb9d55d"
            ],
            "index": "pypi",
            "markers": "python_version >= '3.9'",
            "version": "==1.1.0"
        },
        "python-jose": {
            "hashes": [
                "sha256:55779b5e6ad599c6336191246e95eb2293a9ddebd555f796a65f838f07e5d78a",
                "sha256:9b1376b023f8b298536eedd47ae1089bcdb848f1535ab30555cd92002d78923a"
            ],
            "index": "pypi",
            "version": "==3.3.0"
        },
        "python-multipart": {
            "hashes": [
                "sha256:f7bb5f611fc600d15fa47b3974c8aa16e93724513b49b5f95c81e6624c83fa43"
            ],
            "index": "pypi",
            "version": "==0.0.5"
        },
        "pytz": {
            "hashes": [
                "sha256:1e760e2fe6a8163bc0b3d9a19c4f84342afa0a2affebfaa84b01b978a02ecaa7",
                "sha256:e68985985296d9a66a881eb3193b0906246245294a881e7c8afe623866ac6a5c"
            ],
            "index": "pypi",
            "version": "==2022.1"
        },
        "rsa": {
            "hashes": [
                "sha256:90260d9058e514786967344d0ef75fa8727eed8a7d2e43ce9f4bcf1b536174f7",
                "sha256:e38464a49c6c85d7f1351b0126661487a7e0a14a50f1675ec50eb34d4f20ef21"
            ],
            "index": "pypi",
            "markers": "python_version >= '3.6' and python_version < '4'",
            "version": "==4.9"
        },
        "setuptools": {
            "hashes": [
                "sha256:062d34222ad13e0cc312a4c02d73f059e86a4acbfbdea8f8f76b28c99f306922",
                "sha256:f36b47402ecde768dbfafc46e8e4207b4360c654f1f3bb84475f0a28628fb19c"
            ],
            "markers": "python_version >= '3.9'",
            "version": "==80.9.0"
        },
        "six": {
            "hashes": [
                "sha256:4721f391ed90541fddacab5acf947aa0d3dc7d27b2e1e8eda2be8970586c3274",
                "sha256:ff70335d468e7eb6ec65b95b99d3a2836546063f63acc5171de367e834932a81"
            ],
            "index": "pypi",
            "markers": "python_version >= '2.7' and python_version not in '3.0, 3.1, 3.2'",
            "version": "==1.17.0"
        },
        "sniffio": {
            "hashes": [
                "sha256:2f6da418d1f1e0fddd844478f41680e794e6051915791a034ff65e5f100525a2",
                "sha256:f4324edc670a0f49750a81b895f35c3adb843cca46f0530f79fc1babb23789dc"
            ],
            "index": "pypi",
            "markers": "python_version >= '3.7'",
            "version": "==1.3.1"
        },
        "sqlalchemy": {
            "hashes": [
                "sha256:0096305b3e0912c59d8308f55d17544b3e5c1787f5ad8ef9cd75084136bcba9c",
                "sha256:106fd3da313390dffe6ca156e5b7244293d6f4bfd389bcb315771c7addb5f3b3",
                "sha256:1b30b71ea7c0f854d1b31549816694d8c435c9b5cce44da140b473544bb48a6b",
                "sha256:228fe0cc700748ccc7a9a430896a77dfaa8a1035874e540961589e31f31cabe1",
                "sha256:22faab9884c46ea2c00d5457a6a23375e0b4ab5257b72a27c8b979d4f677d4cf",
                "sha256:3280c283e85e5c7b95c7be75b2df765d4bb13a01be36552826557bb4177d2bdf",
                "sha256:33a2b756bd8f7022c24a16228071dea39cf6f21f62732a5307b6ebcef084bf16",
                "sha256:409f3cd35f99592d0ceb1ee2e13c24b3083109e0f80096aae36000e5988aa24a",
                "sha256:41a6dc66714c7dddf210dc8652d19bb2a55364c21038ca77312500014271aa67",
                "sha256:4aa4de9bd3ae5e46f7395aa769303722e7174795ae83dd78302d849fcbc7513d",
                "sha256:52c2512914bdeb3ce7957e2597b6a9d4a3dd3b3177c32ccf481908d6e59384ae",
                "sha256:5da7f97893631d060c4590e531784f5eaf64bb3e6002804ee8a96d9c91cd1885",
                "sha256:655b35725f1478bb6f797336acc803ddbb4c693816b3663a6fd94ad454eb056a",
                "sha256:755aed46915e20c0b317a4124251f31682dcc7a43984d771352f6863ea11cd9c",
                "sha256:81920161039cca14dac30378713c472a0ac5e783b2077984d6f8ec6f2d824356",
                "sha256:83e65d8826bc649f8af556588555b744d4b9cfc0fcda8f3ddd08fe43c656e459",
                "sha256:8761759028eb7754b76ca153e613bdea0fb6f8107557e57c60616a7212e2a297",
                "sha256:8cf28097524b7fff3526df9154abcdbed0c4e434d4c4e6787e3d4fc33e7deb6a",
                "sha256:92cca0c8757ac9a8a53cc800ea0f04a4f6c346376bc4cb878e4a6aed6f19d18d",
                "sha256:96e68231f7115f5acb1bb51ccec26351bc155fedf835d7625fa203a43c8a3762",
                "sha256:9852a7b4feee4c7de4b7541fa8a72ab36a5dad7942c58006e76ffe59c0f8efec",
                "sha256:a719b80b41a900bbcec3cc248616394ebd134043ce5e62185270d785d8a184d3",
                "sha256:a91fa4189f66af9644fde50740c5134689dc01c6c5edf04af6eafa3225ae110c",
                "sha256:aa529647a3770293f392dff40466344a5d142fe66a2bbec465247a05d695eced",
                "sha256:ad2d9fc0ffba476cf069cea558527bc23e1ced24ec6c8badab8aa63cbde56b07",
                "sha256:b445fe8f043288178bc7d4adda49a505de86641864d50493d3fad10e0711cbff",
                "sha256:b529f285b04094d458e811147a320019397909265eef1d1aa9dc6ecac0ad240c",
                "sha256:bce476fd66aeaeb1a155f97838233d95fccd2c611da4d6b1cb4b6205435e5326",
                "sha256:be1df71f9a06730b2a7213b68d6c465130a82305789462e375cf87037b181af3",
                "sha256:c063277efd89c7f755480ff80f87828c9a68afb0fdc6d79462b9e474301fded3",
                "sha256:d157a87dcd861eae04cd9b19cac535451719397fcae7b6f870688d8fb69d84f9",
                "sha256:d34afc46b9fe3025b8db7ade6876bf80668918c5cdcdae067aaec348b5daa821",
                "sha256:e337983564e09857a7a687dfa7adfaf85f59ed9e885d30081e13aea792d6abf7",
                "sha256:e8b24bb68e981b6a2a8845d6d0f85891564d38562fc338170338ef90a221241e"
            ],
            "index": "pypi",
            "markers": "python_version >= '2.7' and python_version not in '3.0, 3.1, 3.2, 3.3, 3.4, 3.5'",
            "version": "==1.4.3"
        },
        "starlette": {
            "hashes": [
                "sha256:26a18cbda5e6b651c964c12c88b36d9898481cd428ed6e063f5f29c418f73050",
                "sha256:57eab3cc975a28af62f6faec94d355a410634940f10b30d68d31cb5ec1b44ae8"
            ],
            "index": "pypi",
            "markers": "python_version >= '3.6'",
            "version": "==0.17.1"
        },
        "typing-extensions": {
            "hashes": [
                "sha256:04e5ca0351e0f3f85c6853954072df659d0d13fac324d0072316b67d7794700d",
                "sha256:1a7ead55c7e559dd4dee8856e3a88b41225abfe1ce8df57b7c13915fe121ffb8"
            ],
            "index": "pypi",
            "markers": "python_version >= '3.8'",
            "version": "==4.12.2"
        },
        "uvicorn": {
            "hashes": [
                "sha256:19e2a0e96c9ac5581c01eb1a79a7d2f72bb479691acd2b8921fce48ed5b961a6",
                "sha256:5180f9d059611747d841a4a4c4ab675edf54c8489e97f96d0583ee90ac3bfc23"
            ],
            "index": "pypi",
            "markers": "python_version >= '3.7'",
            "version": "==0.17.6"
        }
    },
    "develop": {}
}
